
Microsoft Visual Studio Solution File, Format Version 12.00
# Visual Studio Version 16
VisualStudioVersion = 16.0.29009.5
MinimumVisualStudioVersion = 10.0.40219.1
Project("{FAE04EC0-301F-11D3-BF4B-00C04F79EFBC}") = "atlas", "atlas\atlas.csproj", "{D4D0C53B-EAF8-45BB-9F52-033D5C0C83CB}"
EndProject
Global
	GlobalSection(SolutionConfigurationPlatforms) = preSolution
		Debug|Any CPU = Debug|Any CPU
		Release|Any CPU = Release|Any CPU
	EndGlobalSection
	GlobalSection(ProjectConfigurationPlatforms) = postSolution
		{D4D0C53B-EAF8-45BB-9F52-033D5C0C83CB}.Debug|Any CPU.ActiveCfg = Debug|Any CPU
		{D4D0C53B-EAF8-45BB-9F52-033D5C0C83CB}.Debug|Any CPU.Build.0 = Debug|Any CPU
		{D4D0C53B-EAF8-45BB-9F52-033D5C0C83CB}.Release|Any CPU.ActiveCfg = Release|Any CPU
		{D4D0C53B-EAF8-45BB-9F52-033D5C0C83CB}.Release|Any CPU.Build.0 = Release|Any CPU
	EndGlobalSection
	GlobalSection(SolutionProperties) = preSolution
		HideSolutionNode = FALSE
	EndGlobalSection
	GlobalSection(ExtensibilityGlobals) = postSolution
		SolutionGuid = {8F3847F7-86D6-46E1-8F12-AA5F4DDEDC36}
	EndGlobalSection
EndGlobal
